
Microsoft Visual Studio Solution File, Format Version 12.00
# Visual Studio Version 16
VisualStudioVersion = 16.0.31624.102
MinimumVisualStudioVersion = 10.0.40219.1
Project("{FAE04EC0-301F-11D3-BF4B-00C04F79EFBC}") = "Timer", "Timer.csproj", "{5E01C6F3-1804-4FE6-95EF-47F9431413C4}"
EndProject
Global
	GlobalSection(SolutionConfigurationPlatforms) = preSolution
		Debug|Any CPU = Debug|Any CPU
		Release|Any CPU = Release|Any CPU
	EndGlobalSection
	GlobalSection(ProjectConfigurationPlatforms) = postSolution
		{5E01C6F3-1804-4FE6-95EF-47F9431413C4}.Debug|Any CPU.ActiveCfg = Debug|Any CPU
		{5E01C6F3-1804-4FE6-95EF-47F9431413C4}.Debug|Any CPU.Build.0 = Debug|Any CPU
		{5E01C6F3-1804-4FE6-95EF-47F9431413C4}.Release|Any CPU.ActiveCfg = Release|Any CPU
		{5E01C6F3-1804-4FE6-95EF-47F9431413C4}.Release|Any CPU.Build.0 = Release|Any CPU
	EndGlobalSection
	GlobalSection(SolutionProperties) = preSolution
		HideSolutionNode = FALSE
	EndGlobalSection
	GlobalSection(ExtensibilityGlobals) = postSolution
		SolutionGuid = {A51789BE-6C49-4F90-8920-D34046A335B4}
	EndGlobalSection
EndGlobal
